// !$*UTF8*$!
{
	archiveVersion = 1;
	classes = {
	};
	objectVersion = 60;
	objects = {

/* Begin PBXBuildFile section */
		CE898E7F2B42CC9100A0B777 /* StarwarsModelActorApp.swift in Sources */ = {isa = PBXBuildFile; fileRef = CE898E7E2B42CC9100A0B777 /* StarwarsModelActorApp.swift */; };
		CE898E812B42CC9100A0B777 /* ContentView.swift in Sources */ = {isa = PBXBuildFile; fileRef = CE898E802B42CC9100A0B777 /* ContentView.swift */; };
		CE898E852B42CC9200A0B777 /* Assets.xcassets in Resources */ = {isa = PBXBuildFile; fileRef = CE898E842B42CC9200A0B777 /* Assets.xcassets */; };
		CE898E882B42CC9200A0B777 /* Preview Assets.xcassets in Resources */ = {isa = PBXBuildFile; fileRef = CE898E872B42CC9200A0B777 /* Preview Assets.xcassets */; };
		CE898E922B42CC9300A0B777 /* StarwarsModelActorTests.swift in Sources */ = {isa = PBXBuildFile; fileRef = CE898E912B42CC9300A0B777 /* StarwarsModelActorTests.swift */; };
		CE898E9C2B42CC9300A0B777 /* StarwarsModelActorUITests.swift in Sources */ = {isa = PBXBuildFile; fileRef = CE898E9B2B42CC9300A0B777 /* StarwarsModelActorUITests.swift */; };
		CE898E9E2B42CC9300A0B777 /* StarwarsModelActorUITestsLaunchTests.swift in Sources */ = {isa = PBXBuildFile; fileRef = CE898E9D2B42CC9300A0B777 /* StarwarsModelActorUITestsLaunchTests.swift */; };
		CE898EAE2B42CD1A00A0B777 /* StarwarsView.swift in Sources */ = {isa = PBXBuildFile; fileRef = CE898EAD2B42CD1A00A0B777 /* StarwarsView.swift */; };
		CE898EB02B42CD2400A0B777 /* StarwarsFilm.swift in Sources */ = {isa = PBXBuildFile; fileRef = CE898EAF2B42CD2400A0B777 /* StarwarsFilm.swift */; };
		CE898EB22B42CD2E00A0B777 /* StarwarsServerAdaptor.swift in Sources */ = {isa = PBXBuildFile; fileRef = CE898EB12B42CD2E00A0B777 /* StarwarsServerAdaptor.swift */; };
		CE898EB52B42CE8800A0B777 /* StarwarsServer in Frameworks */ = {isa = PBXBuildFile; productRef = CE898EB42B42CE8800A0B777 /* StarwarsServer */; };
		CE898EEF2B42DBB700A0B777 /* StarwarsModelActor.swift in Sources */ = {isa = PBXBuildFile; fileRef = CE898EEE2B42DBB700A0B777 /* StarwarsModelActor.swift */; };
/* End PBXBuildFile section */

/* Begin PBXContainerItemProxy section */
		CE898E8E2B42CC9300A0B777 /* PBXContainerItemProxy */ = {
			isa = PBXContainerItemProxy;
			containerPortal = CE898E732B42CC9100A0B777 /* Project object */;
			proxyType = 1;
			remoteGlobalIDString = CE898E7A2B42CC9100A0B777;
			remoteInfo = StarwarsModelActor;
		};
		CE898E982B42CC9300A0B777 /* PBXContainerItemProxy */ = {
			isa = PBXContainerItemProxy;
			containerPortal = CE898E732B42CC9100A0B777 /* Project object */;
			proxyType = 1;
			remoteGlobalIDString = CE898E7A2B42CC9100A0B777;
			remoteInfo = StarwarsModelActor;
		};
/* End PBXContainerItemProxy section */

/* Begin PBXFileReference section */
		CE898E7B2B42CC9100A0B777 /* StarwarsModelActor.app */ = {isa = PBXFileReference; explicitFileType = wrapper.application; includeInIndex = 0; path = StarwarsModelActor.app; sourceTree = BUILT_PRODUCTS_DIR; };
		CE898E7E2B42CC9100A0B777 /* StarwarsModelActorApp.swift */ = {isa = PBXFileReference; lastKnownFileType = sourcecode.swift; path = StarwarsModelActorApp.swift; sourceTree = "<group>"; };
		CE898E802B42CC9100A0B777 /* ContentView.swift */ = {isa = PBXFileReference; lastKnownFileType = sourcecode.swift; path = ContentView.swift; sourceTree = "<group>"; };
		CE898E842B42CC9200A0B777 /* Assets.xcassets */ = {isa = PBXFileReference; lastKnownFileType = folder.assetcatalog; path = Assets.xcassets; sourceTree = "<group>"; };
		CE898E872B42CC9200A0B777 /* Preview Assets.xcassets */ = {isa = PBXFileReference; lastKnownFileType = folder.assetcatalog; path = "Preview Assets.xcassets"; sourceTree = "<group>"; };
		CE898E8D2B42CC9300A0B777 /* StarwarsModelActorTests.xctest */ = {isa = PBXFileReference; explicitFileType = wrapper.cfbundle; includeInIndex = 0; path = StarwarsModelActorTests.xctest; sourceTree = BUILT_PRODUCTS_DIR; };
		CE898E912B42CC9300A0B777 /* StarwarsModelActorTests.swift */ = {isa = PBXFileReference; lastKnownFileType = sourcecode.swift; path = StarwarsModelActorTests.swift; sourceTree = "<group>"; };
		CE898E972B42CC9300A0B777 /* StarwarsModelActorUITests.xctest */ = {isa = PBXFileReference; explicitFileType = wrapper.cfbundle; includeInIndex = 0; path = StarwarsModelActorUITests.xctest; sourceTree = BUILT_PRODUCTS_DIR; };
		CE898E9B2B42CC9300A0B777 /* StarwarsModelActorUITests.swift */ = {isa = PBXFileReference; lastKnownFileType = sourcecode.swift; path = StarwarsModelActorUITests.swift; sourceTree = "<group>"; };
		CE898E9D2B42CC9300A0B777 /* StarwarsModelActorUITestsLaunchTests.swift */ = {isa = PBXFileReference; lastKnownFileType = sourcecode.swift; path = StarwarsModelActorUITestsLaunchTests.swift; sourceTree = "<group>"; };
		CE898EAD2B42CD1A00A0B777 /* StarwarsView.swift */ = {isa = PBXFileReference; lastKnownFileType = sourcecode.swift; path = StarwarsView.swift; sourceTree = "<group>"; };
		CE898EAF2B42CD2400A0B777 /* StarwarsFilm.swift */ = {isa = PBXFileReference; lastKnownFileType = sourcecode.swift; path = StarwarsFilm.swift; sourceTree = "<group>"; };
		CE898EB12B42CD2E00A0B777 /* StarwarsServerAdaptor.swift */ = {isa = PBXFileReference; lastKnownFileType = sourcecode.swift; path = StarwarsServerAdaptor.swift; sourceTree = "<group>"; };
		CE898EEE2B42DBB700A0B777 /* StarwarsModelActor.swift */ = {isa = PBXFileReference; lastKnownFileType = sourcecode.swift; path = StarwarsModelActor.swift; sourceTree = "<group>"; };
/* End PBXFileReference section */

/* Begin PBXFrameworksBuildPhase section */
		CE898E782B42CC9100A0B777 /* Frameworks */ = {
			isa = PBXFrameworksBuildPhase;
			buildActionMask = 2147483647;
			files = (
				CE898EB52B42CE8800A0B777 /* StarwarsServer in Frameworks */,
			);
			runOnlyForDeploymentPostprocessing = 0;
		};
		CE898E8A2B42CC9300A0B777 /* Frameworks */ = {
			isa = PBXFrameworksBuildPhase;
			buildActionMask = 2147483647;
			files = (
			);
			runOnlyForDeploymentPostprocessing = 0;
		};
		CE898E942B42CC9300A0B777 /* Frameworks */ = {
			isa = PBXFrameworksBuildPhase;
			buildActionMask = 2147483647;
			files = (
			);
			runOnlyForDeploymentPostprocessing = 0;
		};
/* End PBXFrameworksBuildPhase section */

/* Begin PBXGroup section */
		CE898E722B42CC9100A0B777 = {
			isa = PBXGroup;
			children = (
				CE898E7D2B42CC9100A0B777 /* StarwarsModelActor */,
				CE898E902B42CC9300A0B777 /* StarwarsModelActorTests */,
				CE898E9A2B42CC9300A0B777 /* StarwarsModelActorUITests */,
				CE898E7C2B42CC9100A0B777 /* Products */,
			);
			sourceTree = "<group>";
		};
		CE898E7C2B42CC9100A0B777 /* Products */ = {
			isa = PBXGroup;
			children = (
				CE898E7B2B42CC9100A0B777 /* StarwarsModelActor.app */,
				CE898E8D2B42CC9300A0B777 /* StarwarsModelActorTests.xctest */,
				CE898E972B42CC9300A0B777 /* StarwarsModelActorUITests.xctest */,
			);
			name = Products;
			sourceTree = "<group>";
		};
		CE898E7D2B42CC9100A0B777 /* StarwarsModelActor */ = {
			isa = PBXGroup;
			children = (
				CE898E7E2B42CC9100A0B777 /* StarwarsModelActorApp.swift */,
				CE898E802B42CC9100A0B777 /* ContentView.swift */,
				CE898EAA2B42CCFC00A0B777 /* View */,
				CE898EAB2B42CD0200A0B777 /* DB */,
				CE898EAC2B42CD0600A0B777 /* Server */,
				CE898E842B42CC9200A0B777 /* Assets.xcassets */,
				CE898E862B42CC9200A0B777 /* Preview Content */,
			);
			path = StarwarsModelActor;
			sourceTree = "<group>";
		};
		CE898E862B42CC9200A0B777 /* Preview Content */ = {
			isa = PBXGroup;
			children = (
				CE898E872B42CC9200A0B777 /* Preview Assets.xcassets */,
			);
			path = "Preview Content";
			sourceTree = "<group>";
		};
		CE898E902B42CC9300A0B777 /* StarwarsModelActorTests */ = {
			isa = PBXGroup;
			children = (
				CE898E912B42CC9300A0B777 /* StarwarsModelActorTests.swift */,
			);
			path = StarwarsModelActorTests;
			sourceTree = "<group>";
		};
		CE898E9A2B42CC9300A0B777 /* StarwarsModelActorUITests */ = {
			isa = PBXGroup;
			children = (
				CE898E9B2B42CC9300A0B777 /* StarwarsModelActorUITests.swift */,
				CE898E9D2B42CC9300A0B777 /* StarwarsModelActorUITestsLaunchTests.swift */,
			);
			path = StarwarsModelActorUITests;
			sourceTree = "<group>";
		};
		CE898EAA2B42CCFC00A0B777 /* View */ = {
			isa = PBXGroup;
			children = (
				CE898EAD2B42CD1A00A0B777 /* StarwarsView.swift */,
			);
			path = View;
			sourceTree = "<group>";
		};
		CE898EAB2B42CD0200A0B777 /* DB */ = {
			isa = PBXGroup;
			children = (
				CE898EAF2B42CD2400A0B777 /* StarwarsFilm.swift */,
				CE898EEE2B42DBB700A0B777 /* StarwarsModelActor.swift */,
			);
			path = DB;
			sourceTree = "<group>";
		};
		CE898EAC2B42CD0600A0B777 /* Server */ = {
			isa = PBXGroup;
			children = (
				CE898EB12B42CD2E00A0B777 /* StarwarsServerAdaptor.swift */,
			);
			path = Server;
			sourceTree = "<group>";
		};
/* End PBXGroup section */

/* Begin PBXNativeTarget section */
		CE898E7A2B42CC9100A0B777 /* StarwarsModelActor */ = {
			isa = PBXNativeTarget;
			buildConfigurationList = CE898EA12B42CC9300A0B777 /* Build configuration list for PBXNativeTarget "StarwarsModelActor" */;
			buildPhases = (
				CE898E772B42CC9100A0B777 /* Sources */,
				CE898E782B42CC9100A0B777 /* Frameworks */,
				CE898E792B42CC9100A0B777 /* Resources */,
			);
			buildRules = (
			);
			dependencies = (
			);
			name = StarwarsModelActor;
			packageProductDependencies = (
				CE898EB42B42CE8800A0B777 /* StarwarsServer */,
			);
			productName = StarwarsModelActor;
			productReference = CE898E7B2B42CC9100A0B777 /* StarwarsModelActor.app */;
			productType = "com.apple.product-type.application";
		};
		CE898E8C2B42CC9300A0B777 /* StarwarsModelActorTests */ = {
			isa = PBXNativeTarget;
			buildConfigurationList = CE898EA42B42CC9300A0B777 /* Build configuration list for PBXNativeTarget "StarwarsModelActorTests" */;
			buildPhases = (
				CE898E892B42CC9300A0B777 /* Sources */,
				CE898E8A2B42CC9300A0B777 /* Frameworks */,
				CE898E8B2B42CC9300A0B777 /* Resources */,
			);
			buildRules = (
			);
			dependencies = (
				CE898E8F2B42CC9300A0B777 /* PBXTargetDependency */,
			);
			name = StarwarsModelActorTests;
			productName = StarwarsModelActorTests;
			productReference = CE898E8D2B42CC9300A0B777 /* StarwarsModelActorTests.xctest */;
			productType = "com.apple.product-type.bundle.unit-test";
		};
		CE898E962B42CC9300A0B777 /* StarwarsModelActorUITests */ = {
			isa = PBXNativeTarget;
			buildConfigurationList = CE898EA72B42CC9300A0B777 /* Build configuration list for PBXNativeTarget "StarwarsModelActorUITests" */;
			buildPhases = (
				CE898E932B42CC9300A0B777 /* Sources */,
				CE898E942B42CC9300A0B777 /* Frameworks */,
				CE898E952B42CC9300A0B777 /* Resources */,
			);
			buildRules = (
			);
			dependencies = (
				CE898E992B42CC9300A0B777 /* PBXTargetDependency */,
			);
			name = StarwarsModelActorUITests;
			productName = StarwarsModelActorUITests;
			productReference = CE898E972B42CC9300A0B777 /* StarwarsModelActorUITests.xctest */;
			productType = "com.apple.product-type.bundle.ui-testing";
		};
/* End PBXNativeTarget section */

/* Begin PBXProject section */
		CE898E732B42CC9100A0B777 /* Project object */ = {
			isa = PBXProject;
			attributes = {
				BuildIndependentTargetsInParallel = 1;
				LastSwiftUpdateCheck = 1510;
				LastUpgradeCheck = 1510;
				TargetAttributes = {
					CE898E7A2B42CC9100A0B777 = {
						CreatedOnToolsVersion = 15.1;
					};
					CE898E8C2B42CC9300A0B777 = {
						CreatedOnToolsVersion = 15.1;
						TestTargetID = CE898E7A2B42CC9100A0B777;
					};
					CE898E962B42CC9300A0B777 = {
						CreatedOnToolsVersion = 15.1;
						TestTargetID = CE898E7A2B42CC9100A0B777;
					};
				};
			};
			buildConfigurationList = CE898E762B42CC9100A0B777 /* Build configuration list for PBXProject "StarwarsModelActor" */;
			compatibilityVersion = "Xcode 14.0";
			developmentRegion = en;
			hasScannedForEncodings = 0;
			knownRegions = (
				en,
				Base,
			);
			mainGroup = CE898E722B42CC9100A0B777;
			packageReferences = (
				CE898EB32B42CE8800A0B777 /* XCLocalSwiftPackageReference "../StarwarsServer" */,
			);
			productRefGroup = CE898E7C2B42CC9100A0B777 /* Products */;
			projectDirPath = "";
			projectRoot = "";
			targets = (
				CE898E7A2B42CC9100A0B777 /* StarwarsModelActor */,
				CE898E8C2B42CC9300A0B777 /* StarwarsModelActorTests */,
				CE898E962B42CC9300A0B777 /* StarwarsModelActorUITests */,
			);
		};
/* End PBXProject section */

/* Begin PBXResourcesBuildPhase section */
		CE898E792B42CC9100A0B777 /* Resources */ = {
			isa = PBXResourcesBuildPhase;
			buildActionMask = 2147483647;
			files = (
				CE898E882B42CC9200A0B777 /* Preview Assets.xcassets in Resources */,
				CE898E852B42CC9200A0B777 /* Assets.xcassets in Resources */,
			);
			runOnlyForDeploymentPostprocessing = 0;
		};
		CE898E8B2B42CC9300A0B777 /* Resources */ = {
			isa = PBXResourcesBuildPhase;
			buildActionMask = 2147483647;
			files = (
			);
			runOnlyForDeploymentPostprocessing = 0;
		};
		CE898E952B42CC9300A0B777 /* Resources */ = {
			isa = PBXResourcesBuildPhase;
			buildActionMask = 2147483647;
			files = (
			);
			runOnlyForDeploymentPostprocessing = 0;
		};
/* End PBXResourcesBuildPhase section */

/* Begin PBXSourcesBuildPhase section */
		CE898E772B42CC9100A0B777 /* Sources */ = {
			isa = PBXSourcesBuildPhase;
			buildActionMask = 2147483647;
			files = (
				CE898EB02B42CD2400A0B777 /* StarwarsFilm.swift in Sources */,
				CE898E812B42CC9100A0B777 /* ContentView.swift in Sources */,
				CE898EB22B42CD2E00A0B777 /* StarwarsServerAdaptor.swift in Sources */,
				CE898E7F2B42CC9100A0B777 /* StarwarsModelActorApp.swift in Sources */,
				CE898EEF2B42DBB700A0B777 /* StarwarsModelActor.swift in Sources */,
				CE898EAE2B42CD1A00A0B777 /* StarwarsView.swift in Sources */,
			);
			runOnlyForDeploymentPostprocessing = 0;
		};
		CE898E892B42CC9300A0B777 /* Sources */ = {
			isa = PBXSourcesBuildPhase;
			buildActionMask = 2147483647;
			files = (
				CE898E922B42CC9300A0B777 /* StarwarsModelActorTests.swift in Sources */,
			);
			runOnlyForDeploymentPostprocessing = 0;
		};
		CE898E932B42CC9300A0B777 /* Sources */ = {
			isa = PBXSourcesBuildPhase;
			buildActionMask = 2147483647;
			files = (
				CE898E9C2B42CC9300A0B777 /* StarwarsModelActorUITests.swift in Sources */,
				CE898E9E2B42CC9300A0B777 /* StarwarsModelActorUITestsLaunchTests.swift in Sources */,
			);
			runOnlyForDeploymentPostprocessing = 0;
		};
/* End PBXSourcesBuildPhase section */

/* Begin PBXTargetDependency section */
		CE898E8F2B42CC9300A0B777 /* PBXTargetDependency */ = {
			isa = PBXTargetDependency;
			target = CE898E7A2B42CC9100A0B777 /* StarwarsModelActor */;
			targetProxy = CE898E8E2B42CC9300A0B777 /* PBXContainerItemProxy */;
		};
		CE898E992B42CC9300A0B777 /* PBXTargetDependency */ = {
			isa = PBXTargetDependency;
			target = CE898E7A2B42CC9100A0B777 /* StarwarsModelActor */;
			targetProxy = CE898E982B42CC9300A0B777 /* PBXContainerItemProxy */;
		};
/* End PBXTargetDependency section */

/* Begin XCBuildConfiguration section */
		CE898E9F2B42CC9300A0B777 /* Debug */ = {
			isa = XCBuildConfiguration;
			buildSettings = {
				ALWAYS_SEARCH_USER_PATHS = NO;
				ASSETCATALOG_COMPILER_GENERATE_SWIFT_ASSET_SYMBOL_EXTENSIONS = YES;
				CLANG_ANALYZER_NONNULL = YES;
				CLANG_ANALYZER_NUMBER_OBJECT_CONVERSION = YES_AGGRESSIVE;
				CLANG_CXX_LANGUAGE_STANDARD = "gnu++20";
				CLANG_ENABLE_MODULES = YES;
				CLANG_ENABLE_OBJC_ARC = YES;
				CLANG_ENABLE_OBJC_WEAK = YES;
				CLANG_WARN_BLOCK_CAPTURE_AUTORELEASING = YES;
				CLANG_WARN_BOOL_CONVERSION = YES;
				CLANG_WARN_COMMA = YES;
				CLANG_WARN_CONSTANT_CONVERSION = YES;
				CLANG_WARN_DEPRECATED_OBJC_IMPLEMENTATIONS = YES;
				CLANG_WARN_DIRECT_OBJC_ISA_USAGE = YES_ERROR;
				CLANG_WARN_DOCUMENTATION_COMMENTS = YES;
				CLANG_WARN_EMPTY_BODY = YES;
				CLANG_WARN_ENUM_CONVERSION = YES;
				CLANG_WARN_INFINITE_RECURSION = YES;
				CLANG_WARN_INT_CONVERSION = YES;
				CLANG_WARN_NON_LITERAL_NULL_CONVERSION = YES;
				CLANG_WARN_OBJC_IMPLICIT_RETAIN_SELF = YES;
				CLANG_WARN_OBJC_LITERAL_CONVERSION = YES;
				CLANG_WARN_OBJC_ROOT_CLASS = YES_ERROR;
				CLANG_WARN_QUOTED_INCLUDE_IN_FRAMEWORK_HEADER = YES;
				CLANG_WARN_RANGE_LOOP_ANALYSIS = YES;
				CLANG_WARN_STRICT_PROTOTYPES = YES;
				CLANG_WARN_SUSPICIOUS_MOVE = YES;
				CLANG_WARN_UNGUARDED_AVAILABILITY = YES_AGGRESSIVE;
				CLANG_WARN_UNREACHABLE_CODE = YES;
				CLANG_WARN__DUPLICATE_METHOD_MATCH = YES;
				COPY_PHASE_STRIP = NO;
				DEBUG_INFORMATION_FORMAT = dwarf;
				ENABLE_STRICT_OBJC_MSGSEND = YES;
				ENABLE_TESTABILITY = YES;
				ENABLE_USER_SCRIPT_SANDBOXING = YES;
				GCC_C_LANGUAGE_STANDARD = gnu17;
				GCC_DYNAMIC_NO_PIC = NO;
				GCC_NO_COMMON_BLOCKS = YES;
				GCC_OPTIMIZATION_LEVEL = 0;
				GCC_PREPROCESSOR_DEFINITIONS = (
					"DEBUG=1",
					"$(inherited)",
				);
				GCC_WARN_64_TO_32_BIT_CONVERSION = YES;
				GCC_WARN_ABOUT_RETURN_TYPE = YES_ERROR;
				GCC_WARN_UNDECLARED_SELECTOR = YES;
				GCC_WARN_UNINITIALIZED_AUTOS = YES_AGGRESSIVE;
				GCC_WARN_UNUSED_FUNCTION = YES;
				GCC_WARN_UNUSED_VARIABLE = YES;
				IPHONEOS_DEPLOYMENT_TARGET = 17.2;
				LOCALIZATION_PREFERS_STRING_CATALOGS = YES;
				MTL_ENABLE_DEBUG_INFO = INCLUDE_SOURCE;
				MTL_FAST_MATH = YES;
				ONLY_ACTIVE_ARCH = YES;
				SDKROOT = iphoneos;
				SWIFT_ACTIVE_COMPILATION_CONDITIONS = "DEBUG $(inherited)";
				SWIFT_OPTIMIZATION_LEVEL = "-Onone";
			};
			name = Debug;
		};
		CE898EA02B42CC9300A0B777 /* Release */ = {
			isa = XCBuildConfiguration;
			buildSettings = {
				ALWAYS_SEARCH_USER_PATHS = NO;
				ASSETCATALOG_COMPILER_GENERATE_SWIFT_ASSET_SYMBOL_EXTENSIONS = YES;
				CLANG_ANALYZER_NONNULL = YES;
				CLANG_ANALYZER_NUMBER_OBJECT_CONVERSION = YES_AGGRESSIVE;
				CLANG_CXX_LANGUAGE_STANDARD = "gnu++20";
				CLANG_ENABLE_MODULES = YES;
				CLANG_ENABLE_OBJC_ARC = YES;
				CLANG_ENABLE_OBJC_WEAK = YES;
				CLANG_WARN_BLOCK_CAPTURE_AUTORELEASING = YES;
				CLANG_WARN_BOOL_CONVERSION = YES;
				CLANG_WARN_COMMA = YES;
				CLANG_WARN_CONSTANT_CONVERSION = YES;
				CLANG_WARN_DEPRECATED_OBJC_IMPLEMENTATIONS = YES;
				CLANG_WARN_DIRECT_OBJC_ISA_USAGE = YES_ERROR;
				CLANG_WARN_DOCUMENTATION_COMMENTS = YES;
				CLANG_WARN_EMPTY_BODY = YES;
				CLANG_WARN_ENUM_CONVERSION = YES;
				CLANG_WARN_INFINITE_RECURSION = YES;
				CLANG_WARN_INT_CONVERSION = YES;
				CLANG_WARN_NON_LITERAL_NULL_CONVERSION = YES;
				CLANG_WARN_OBJC_IMPLICIT_RETAIN_SELF = YES;
				CLANG_WARN_OBJC_LITERAL_CONVERSION = YES;
				CLANG_WARN_OBJC_ROOT_CLASS = YES_ERROR;
				CLANG_WARN_QUOTED_INCLUDE_IN_FRAMEWORK_HEADER = YES;
				CLANG_WARN_RANGE_LOOP_ANALYSIS = YES;
				CLANG_WARN_STRICT_PROTOTYPES = YES;
				CLANG_WARN_SUSPICIOUS_MOVE = YES;
				CLANG_WARN_UNGUARDED_AVAILABILITY = YES_AGGRESSIVE;
				CLANG_WARN_UNREACHABLE_CODE = YES;
				CLANG_WARN__DUPLICATE_METHOD_MATCH = YES;
				COPY_PHASE_STRIP = NO;
				DEBUG_INFORMATION_FORMAT = "dwarf-with-dsym";
				ENABLE_NS_ASSERTIONS = NO;
				ENABLE_STRICT_OBJC_MSGSEND = YES;
				ENABLE_USER_SCRIPT_SANDBOXING = YES;
				GCC_C_LANGUAGE_STANDARD = gnu17;
				GCC_NO_COMMON_BLOCKS = YES;
				GCC_WARN_64_TO_32_BIT_CONVERSION = YES;
				GCC_WARN_ABOUT_RETURN_TYPE = YES_ERROR;
				GCC_WARN_UNDECLARED_SELECTOR = YES;
				GCC_WARN_UNINITIALIZED_AUTOS = YES_AGGRESSIVE;
				GCC_WARN_UNUSED_FUNCTION = YES;
				GCC_WARN_UNUSED_VARIABLE = YES;
				IPHONEOS_DEPLOYMENT_TARGET = 17.2;
				LOCALIZATION_PREFERS_STRING_CATALOGS = YES;
				MTL_ENABLE_DEBUG_INFO = NO;
				MTL_FAST_MATH = YES;
				SDKROOT = iphoneos;
				SWIFT_COMPILATION_MODE = wholemodule;
				VALIDATE_PRODUCT = YES;
			};
			name = Release;
		};
		CE898EA22B42CC9300A0B777 /* Debug */ = {
			isa = XCBuildConfiguration;
			buildSettings = {
				ASSETCATALOG_COMPILER_APPICON_NAME = AppIcon;
				ASSETCATALOG_COMPILER_GLOBAL_ACCENT_COLOR_NAME = AccentColor;
				CODE_SIGN_STYLE = Automatic;
				CURRENT_PROJECT_VERSION = 1;
				DEVELOPMENT_ASSET_PATHS = "\"StarwarsModelActor/Preview Content\"";
				DEVELOPMENT_TEAM = 49P6BE7DDA;
				ENABLE_PREVIEWS = YES;
				GENERATE_INFOPLIST_FILE = YES;
				INFOPLIST_KEY_UIApplicationSceneManifest_Generation = YES;
				INFOPLIST_KEY_UIApplicationSupportsIndirectInputEvents = YES;
				INFOPLIST_KEY_UILaunchScreen_Generation = YES;
				INFOPLIST_KEY_UISupportedInterfaceOrientations_iPad = "UIInterfaceOrientationPortrait UIInterfaceOrientationPortraitUpsideDown UIInterfaceOrientationLandscapeLeft UIInterfaceOrientationLandscapeRight";
				INFOPLIST_KEY_UISupportedInterfaceOrientations_iPhone = "UIInterfaceOrientationPortrait UIInterfaceOrientationLandscapeLeft UIInterfaceOrientationLandscapeRight";
				LD_RUNPATH_SEARCH_PATHS = (
					"$(inherited)",
					"@executable_path/Frameworks",
				);
				MARKETING_VERSION = 1.0;
				PRODUCT_BUNDLE_IDENTIFIER = com.goodeffect.StarwarsModelActor;
				PRODUCT_NAME = "$(TARGET_NAME)";
				SWIFT_EMIT_LOC_STRINGS = YES;
				SWIFT_VERSION = 5.0;
				TARGETED_DEVICE_FAMILY = "1,2";
			};
			name = Debug;
		};
		CE898EA32B42CC9300A0B777 /* Release */ = {
			isa = XCBuildConfiguration;
			buildSettings = {
				ASSETCATALOG_COMPILER_APPICON_NAME = AppIcon;
				ASSETCATALOG_COMPILER_GLOBAL_ACCENT_COLOR_NAME = AccentColor;
				CODE_SIGN_STYLE = Automatic;
				CURRENT_PROJECT_VERSION = 1;
				DEVELOPMENT_ASSET_PATHS = "\"StarwarsModelActor/Preview Content\"";
				DEVELOPMENT_TEAM = 49P6BE7DDA;
				ENABLE_PREVIEWS = YES;
				GENERATE_INFOPLIST_FILE = YES;
				INFOPLIST_KEY_UIApplicationSceneManifest_Generation = YES;
				INFOPLIST_KEY_UIApplicationSupportsIndirectInputEvents = YES;
				INFOPLIST_KEY_UILaunchScreen_Generation = YES;
				INFOPLIST_KEY_UISupportedInterfaceOrientations_iPad = "UIInterfaceOrientationPortrait UIInterfaceOrientationPortraitUpsideDown UIInterfaceOrientationLandscapeLeft UIInterfaceOrientationLandscapeRight";
				INFOPLIST_KEY_UISupportedInterfaceOrientations_iPhone = "UIInterfaceOrientationPortrait UIInterfaceOrientationLandscapeLeft UIInterfaceOrientationLandscapeRight";
				LD_RUNPATH_SEARCH_PATHS = (
					"$(inherited)",
					"@executable_path/Frameworks",
				);
				MARKETING_VERSION = 1.0;
				PRODUCT_BUNDLE_IDENTIFIER = com.goodeffect.StarwarsModelActor;
				PRODUCT_NAME = "$(TARGET_NAME)";
				SWIFT_EMIT_LOC_STRINGS = YES;
				SWIFT_VERSION = 5.0;
				TARGETED_DEVICE_FAMILY = "1,2";
			};
			name = Release;
		};
		CE898EA52B42CC9300A0B777 /* Debug */ = {
			isa = XCBuildConfiguration;
			buildSettings = {
				ALWAYS_EMBED_SWIFT_STANDARD_LIBRARIES = YES;
				BUNDLE_LOADER = "$(TEST_HOST)";
				CODE_SIGN_STYLE = Automatic;
				CURRENT_PROJECT_VERSION = 1;
				DEVELOPMENT_TEAM = 49P6BE7DDA;
				GENERATE_INFOPLIST_FILE = YES;
				IPHONEOS_DEPLOYMENT_TARGET = 17.2;
				MARKETING_VERSION = 1.0;
				PRODUCT_BUNDLE_IDENTIFIER = com.goodeffect.StarwarsModelActorTests;
				PRODUCT_NAME = "$(TARGET_NAME)";
				SWIFT_EMIT_LOC_STRINGS = NO;
				SWIFT_VERSION = 5.0;
				TARGETED_DEVICE_FAMILY = "1,2";
				TEST_HOST = "$(BUILT_PRODUCTS_DIR)/StarwarsModelActor.app/$(BUNDLE_EXECUTABLE_FOLDER_PATH)/StarwarsModelActor";
			};
			name = Debug;
		};
		CE898EA62B42CC9300A0B777 /* Release */ = {
			isa = XCBuildConfiguration;
			buildSettings = {
				ALWAYS_EMBED_SWIFT_STANDARD_LIBRARIES = YES;
				BUNDLE_LOADER = "$(TEST_HOST)";
				CODE_SIGN_STYLE = Automatic;
				CURRENT_PROJECT_VERSION = 1;
				DEVELOPMENT_TEAM = 49P6BE7DDA;
				GENERATE_INFOPLIST_FILE = YES;
				IPHONEOS_DEPLOYMENT_TARGET = 17.2;
				MARKETING_VERSION = 1.0;
				PRODUCT_BUNDLE_IDENTIFIER = com.goodeffect.StarwarsModelActorTests;
				PRODUCT_NAME = "$(TARGET_NAME)";
				SWIFT_EMIT_LOC_STRINGS = NO;
				SWIFT_VERSION = 5.0;
				TARGETED_DEVICE_FAMILY = "1,2";
				TEST_HOST = "$(BUILT_PRODUCTS_DIR)/StarwarsModelActor.app/$(BUNDLE_EXECUTABLE_FOLDER_PATH)/StarwarsModelActor";
			};
			name = Release;
		};
		CE898EA82B42CC9300A0B777 /* Debug */ = {
			isa = XCBuildConfiguration;
			buildSettings = {
				ALWAYS_EMBED_SWIFT_STANDARD_LIBRARIES = YES;
				CODE_SIGN_STYLE = Automatic;
				CURRENT_PROJECT_VERSION = 1;
				DEVELOPMENT_TEAM = 49P6BE7DDA;
				GENERATE_INFOPLIST_FILE = YES;
				MARKETING_VERSION = 1.0;
				PRODUCT_BUNDLE_IDENTIFIER = com.goodeffect.StarwarsModelActorUITests;
				PRODUCT_NAME = "$(TARGET_NAME)";
				SWIFT_EMIT_LOC_STRINGS = NO;
				SWIFT_VERSION = 5.0;
				TARGETED_DEVICE_FAMILY = "1,2";
				TEST_TARGET_NAME = StarwarsModelActor;
			};
			name = Debug;
		};
		CE898EA92B42CC9300A0B777 /* Release */ = {
			isa = XCBuildConfiguration;
			buildSettings = {
				ALWAYS_EMBED_SWIFT_STANDARD_LIBRARIES = YES;
				CODE_SIGN_STYLE = Automatic;
				CURRENT_PROJECT_VERSION = 1;
				DEVELOPMENT_TEAM = 49P6BE7DDA;
				GENERATE_INFOPLIST_FILE = YES;
				MARKETING_VERSION = 1.0;
				PRODUCT_BUNDLE_IDENTIFIER = com.goodeffect.StarwarsModelActorUITests;
				PRODUCT_NAME = "$(TARGET_NAME)";
				SWIFT_EMIT_LOC_STRINGS = NO;
				SWIFT_VERSION = 5.0;
				TARGETED_DEVICE_FAMILY = "1,2";
				TEST_TARGET_NAME = StarwarsModelActor;
			};
			name = Release;
		};
/* End XCBuildConfiguration section */

/* Begin XCConfigurationList section */
		CE898E762B42CC9100A0B777 /* Build configuration list for PBXProject "StarwarsModelActor" */ = {
			isa = XCConfigurationList;
			buildConfigurations = (
				CE898E9F2B42CC9300A0B777 /* Debug */,
				CE898EA02B42CC9300A0B777 /* Release */,
			);
			defaultConfigurationIsVisible = 0;
			defaultConfigurationName = Release;
		};
		CE898EA12B42CC9300A0B777 /* Build configuration list for PBXNativeTarget "StarwarsModelActor" */ = {
			isa = XCConfigurationList;
			buildConfigurations = (
				CE898EA22B42CC9300A0B777 /* Debug */,
				CE898EA32B42CC9300A0B777 /* Release */,
			);
			defaultConfigurationIsVisible = 0;
			defaultConfigurationName = Release;
		};
		CE898EA42B42CC9300A0B777 /* Build configuration list for PBXNativeTarget "StarwarsModelActorTests" */ = {
			isa = XCConfigurationList;
			buildConfigurations = (
				CE898EA52B42CC9300A0B777 /* Debug */,
				CE898EA62B42CC9300A0B777 /* Release */,
			);
			defaultConfigurationIsVisible = 0;
			defaultConfigurationName = Release;
		};
		CE898EA72B42CC9300A0B777 /* Build configuration list for PBXNativeTarget "StarwarsModelActorUITests" */ = {
			isa = XCConfigurationList;
			buildConfigurations = (
				CE898EA82B42CC9300A0B777 /* Debug */,
				CE898EA92B42CC9300A0B777 /* Release */,
			);
			defaultConfigurationIsVisible = 0;
			defaultConfigurationName = Release;
		};
/* End XCConfigurationList section */

/* Begin XCLocalSwiftPackageReference section */
		CE898EB32B42CE8800A0B777 /* XCLocalSwiftPackageReference "../StarwarsServer" */ = {
			isa = XCLocalSwiftPackageReference;
			relativePath = ../StarwarsServer;
		};
/* End XCLocalSwiftPackageReference section */

/* Begin XCSwiftPackageProductDependency section */
		CE898EB42B42CE8800A0B777 /* StarwarsServer */ = {
			isa = XCSwiftPackageProductDependency;
			productName = StarwarsServer;
		};
/* End XCSwiftPackageProductDependency section */
	};
	rootObject = CE898E732B42CC9100A0B777 /* Project object */;
}
